
Microsoft Visual Studio Solution File, Format Version 12.00
# Visual Studio 15
VisualStudioVersion = 15.0.28010.2036
MinimumVisualStudioVersion = 10.0.40219.1
Project("{FAE04EC0-301F-11D3-BF4B-00C04F79EFBC}") = "Web.Api", "Web.Api\Web.Api.csproj", "{39CC82DB-F9FA-405D-914B-DC491F7408DB}"
EndProject
Project("{9A19103F-16F7-4668-BE54-9A1E7A4F7556}") = "Web.Api.Infrastructure", "Web.Api.Infrastructure\Web.Api.Infrastructure.csproj", "{74275ABC-7ECB-4D67-AE1A-1BDBBE9D396E}"
EndProject
Project("{FAE04EC0-301F-11D3-BF4B-00C04F79EFBC}") = "Web.Api.Domain", "Web.Api.Domain\Web.Api.Domain.csproj", "{F4B7BC6D-4EDF-45C9-A110-790B46FA0D9F}"
EndProject
Global
	GlobalSection(SolutionConfigurationPlatforms) = preSolution
		Debug|Any CPU = Debug|Any CPU
		Release|Any CPU = Release|Any CPU
	EndGlobalSection
	GlobalSection(ProjectConfigurationPlatforms) = postSolution
		{39CC82DB-F9FA-405D-914B-DC491F7408DB}.Debug|Any CPU.ActiveCfg = Debug|Any CPU
		{39CC82DB-F9FA-405D-914B-DC491F7408DB}.Debug|Any CPU.Build.0 = Debug|Any CPU
		{39CC82DB-F9FA-405D-914B-DC491F7408DB}.Release|Any CPU.ActiveCfg = Release|Any CPU
		{39CC82DB-F9FA-405D-914B-DC491F7408DB}.Release|Any CPU.Build.0 = Release|Any CPU
		{74275ABC-7ECB-4D67-AE1A-1BDBBE9D396E}.Debug|Any CPU.ActiveCfg = Debug|Any CPU
		{74275ABC-7ECB-4D67-AE1A-1BDBBE9D396E}.Debug|Any CPU.Build.0 = Debug|Any CPU
		{74275ABC-7ECB-4D67-AE1A-1BDBBE9D396E}.Release|Any CPU.ActiveCfg = Release|Any CPU
		{74275ABC-7ECB-4D67-AE1A-1BDBBE9D396E}.Release|Any CPU.Build.0 = Release|Any CPU
		{F4B7BC6D-4EDF-45C9-A110-790B46FA0D9F}.Debug|Any CPU.ActiveCfg = Debug|Any CPU
		{F4B7BC6D-4EDF-45C9-A110-790B46FA0D9F}.Debug|Any CPU.Build.0 = Debug|Any CPU
		{F4B7BC6D-4EDF-45C9-A110-790B46FA0D9F}.Release|Any CPU.ActiveCfg = Release|Any CPU
		{F4B7BC6D-4EDF-45C9-A110-790B46FA0D9F}.Release|Any CPU.Build.0 = Release|Any CPU
	EndGlobalSection
	GlobalSection(SolutionProperties) = preSolution
		HideSolutionNode = FALSE
	EndGlobalSection
	GlobalSection(ExtensibilityGlobals) = postSolution
		SolutionGuid = {93E35E30-C940-4DC3-A97E-420198B4B929}
	EndGlobalSection
EndGlobal
